
Microsoft Visual Studio Solution File, Format Version 12.00
# Visual Studio Version 17
VisualStudioVersion = 17.2.32516.85
MinimumVisualStudioVersion = 10.0.40219.1
Project("{FAE04EC0-301F-11D3-BF4B-00C04F79EFBC}") = "hollow array", "hollow array\hollow array.csproj", "{66D47187-67BC-4E6A-B21A-E7BB9AEBF3BB}"
EndProject
Project("{FAE04EC0-301F-11D3-BF4B-00C04F79EFBC}") = "ConsoleApp1", "ConsoleApp1\ConsoleApp1.csproj", "{AA6E6633-93E1-4FEC-A7FF-F0E0695903D9}"
EndProject
Global
	GlobalSection(SolutionConfigurationPlatforms) = preSolution
		Debug|Any CPU = Debug|Any CPU
		Release|Any CPU = Release|Any CPU
	EndGlobalSection
	GlobalSection(ProjectConfigurationPlatforms) = postSolution
		{66D47187-67BC-4E6A-B21A-E7BB9AEBF3BB}.Debug|Any CPU.ActiveCfg = Debug|Any CPU
		{66D47187-67BC-4E6A-B21A-E7BB9AEBF3BB}.Debug|Any CPU.Build.0 = Debug|Any CPU
		{66D47187-67BC-4E6A-B21A-E7BB9AEBF3BB}.Release|Any CPU.ActiveCfg = Release|Any CPU
		{66D47187-67BC-4E6A-B21A-E7BB9AEBF3BB}.Release|Any CPU.Build.0 = Release|Any CPU
		{AA6E6633-93E1-4FEC-A7FF-F0E0695903D9}.Debug|Any CPU.ActiveCfg = Debug|Any CPU
		{AA6E6633-93E1-4FEC-A7FF-F0E0695903D9}.Debug|Any CPU.Build.0 = Debug|Any CPU
		{AA6E6633-93E1-4FEC-A7FF-F0E0695903D9}.Release|Any CPU.ActiveCfg = Release|Any CPU
		{AA6E6633-93E1-4FEC-A7FF-F0E0695903D9}.Release|Any CPU.Build.0 = Release|Any CPU
	EndGlobalSection
	GlobalSection(SolutionProperties) = preSolution
		HideSolutionNode = FALSE
	EndGlobalSection
	GlobalSection(ExtensibilityGlobals) = postSolution
		SolutionGuid = {88611795-6B25-482B-9BDD-89EB59029D04}
	EndGlobalSection
EndGlobal
